
Microsoft Visual Studio Solution File, Format Version 12.00
# Visual Studio Version 17
VisualStudioVersion = 17.0.31903.59
MinimumVisualStudioVersion = 10.0.40219.1
Project("{FAE04EC0-301F-11D3-BF4B-00C04F79EFBC}") = "API", "API\API.csproj", "{346D49C1-CC70-4224-9CB0-7F2086D0AE08}"
EndProject
Project("{FAE04EC0-301F-11D3-BF4B-00C04F79EFBC}") = "Application", "Application\Application.csproj", "{3F84C38B-3272-41CD-AF1D-D151AA2A7B3E}"
EndProject
Project("{FAE04EC0-301F-11D3-BF4B-00C04F79EFBC}") = "Domain", "Domain\Domain.csproj", "{4E02F5D2-CE83-45ED-A0A2-492DAD0984DB}"
EndProject
Project("{FAE04EC0-301F-11D3-BF4B-00C04F79EFBC}") = "Persistence", "Persistence\Persistence.csproj", "{3FA0816C-1536-45AE-9D2D-1B32CADAC2A1}"
EndProject
Global
	GlobalSection(SolutionConfigurationPlatforms) = preSolution
		Debug|Any CPU = Debug|Any CPU
		Release|Any CPU = Release|Any CPU
	EndGlobalSection
	GlobalSection(SolutionProperties) = preSolution
		HideSolutionNode = FALSE
	EndGlobalSection
	GlobalSection(ProjectConfigurationPlatforms) = postSolution
		{346D49C1-CC70-4224-9CB0-7F2086D0AE08}.Debug|Any CPU.ActiveCfg = Debug|Any CPU
		{346D49C1-CC70-4224-9CB0-7F2086D0AE08}.Debug|Any CPU.Build.0 = Debug|Any CPU
		{346D49C1-CC70-4224-9CB0-7F2086D0AE08}.Release|Any CPU.ActiveCfg = Release|Any CPU
		{346D49C1-CC70-4224-9CB0-7F2086D0AE08}.Release|Any CPU.Build.0 = Release|Any CPU
		{3F84C38B-3272-41CD-AF1D-D151AA2A7B3E}.Debug|Any CPU.ActiveCfg = Debug|Any CPU
		{3F84C38B-3272-41CD-AF1D-D151AA2A7B3E}.Debug|Any CPU.Build.0 = Debug|Any CPU
		{3F84C38B-3272-41CD-AF1D-D151AA2A7B3E}.Release|Any CPU.ActiveCfg = Release|Any CPU
		{3F84C38B-3272-41CD-AF1D-D151AA2A7B3E}.Release|Any CPU.Build.0 = Release|Any CPU
		{4E02F5D2-CE83-45ED-A0A2-492DAD0984DB}.Debug|Any CPU.ActiveCfg = Debug|Any CPU
		{4E02F5D2-CE83-45ED-A0A2-492DAD0984DB}.Debug|Any CPU.Build.0 = Debug|Any CPU
		{4E02F5D2-CE83-45ED-A0A2-492DAD0984DB}.Release|Any CPU.ActiveCfg = Release|Any CPU
		{4E02F5D2-CE83-45ED-A0A2-492DAD0984DB}.Release|Any CPU.Build.0 = Release|Any CPU
		{3FA0816C-1536-45AE-9D2D-1B32CADAC2A1}.Debug|Any CPU.ActiveCfg = Debug|Any CPU
		{3FA0816C-1536-45AE-9D2D-1B32CADAC2A1}.Debug|Any CPU.Build.0 = Debug|Any CPU
		{3FA0816C-1536-45AE-9D2D-1B32CADAC2A1}.Release|Any CPU.ActiveCfg = Release|Any CPU
		{3FA0816C-1536-45AE-9D2D-1B32CADAC2A1}.Release|Any CPU.Build.0 = Release|Any CPU
	EndGlobalSection
EndGlobal
